// !$*UTF8*$!
{
	archiveVersion = 1;
	classes = {
	};
	objectVersion = 51;
	objects = {

/* Begin PBXBuildFile section */
		37824891DCF7B74950D28CF4 /* Pods_StopWatch.framework in Frameworks */ = {isa = PBXBuildFile; fileRef = F11B86C3BDF7B4FD95BA7068 /* Pods_StopWatch.framework */; };
		603BE9B483847C80F56281C3 /* Pods_StopWatch_StopWatchUITests.framework in Frameworks */ = {isa = PBXBuildFile; fileRef = 180273807683F105EC5B439A /* Pods_StopWatch_StopWatchUITests.framework */; };
		9F670731A8AAF667A2333213 /* Pods_StopWatchTests.framework in Frameworks */ = {isa = PBXBuildFile; fileRef = C25A5D5D7284E51606C07C3C /* Pods_StopWatchTests.framework */; };
		CE32338026E76FD5000B9537 /* AppDelegate.swift in Sources */ = {isa = PBXBuildFile; fileRef = CE32337F26E76FD5000B9537 /* AppDelegate.swift */; };
		CE32338226E76FD5000B9537 /* SceneDelegate.swift in Sources */ = {isa = PBXBuildFile; fileRef = CE32338126E76FD5000B9537 /* SceneDelegate.swift */; };
		CE32338426E76FD5000B9537 /* ViewController.swift in Sources */ = {isa = PBXBuildFile; fileRef = CE32338326E76FD5000B9537 /* ViewController.swift */; };
		CE32338726E76FD5000B9537 /* Main.storyboard in Resources */ = {isa = PBXBuildFile; fileRef = CE32338526E76FD5000B9537 /* Main.storyboard */; };
		CE32338926E76FD9000B9537 /* Assets.xcassets in Resources */ = {isa = PBXBuildFile; fileRef = CE32338826E76FD9000B9537 /* Assets.xcassets */; };
		CE32338C26E76FD9000B9537 /* LaunchScreen.storyboard in Resources */ = {isa = PBXBuildFile; fileRef = CE32338A26E76FD9000B9537 /* LaunchScreen.storyboard */; };
		CE32339726E76FDA000B9537 /* StopWatchTests.swift in Sources */ = {isa = PBXBuildFile; fileRef = CE32339626E76FDA000B9537 /* StopWatchTests.swift */; };
		CE3233A226E76FDA000B9537 /* StopWatchUITests.swift in Sources */ = {isa = PBXBuildFile; fileRef = CE3233A126E76FDA000B9537 /* StopWatchUITests.swift */; };
		CEAAE02126EA6C360036F1D0 /* ViewController2.swift in Sources */ = {isa = PBXBuildFile; fileRef = CEAAE02026EA6C360036F1D0 /* ViewController2.swift */; };
/* End PBXBuildFile section */

/* Begin PBXContainerItemProxy section */
		CE32339326E76FDA000B9537 /* PBXContainerItemProxy */ = {
			isa = PBXContainerItemProxy;
			containerPortal = CE32337426E76FD5000B9537 /* Project object */;
			proxyType = 1;
			remoteGlobalIDString = CE32337B26E76FD5000B9537;
			remoteInfo = StopWatch;
		};
		CE32339E26E76FDA000B9537 /* PBXContainerItemProxy */ = {
			isa = PBXContainerItemProxy;
			containerPortal = CE32337426E76FD5000B9537 /* Project object */;
			proxyType = 1;
			remoteGlobalIDString = CE32337B26E76FD5000B9537;
			remoteInfo = StopWatch;
		};
/* End PBXContainerItemProxy section */

/* Begin PBXFileReference section */
		180273807683F105EC5B439A /* Pods_StopWatch_StopWatchUITests.framework */ = {isa = PBXFileReference; explicitFileType = wrapper.framework; includeInIndex = 0; path = Pods_StopWatch_StopWatchUITests.framework; sourceTree = BUILT_PRODUCTS_DIR; };
		2A422A52EF2DC4E53B4A1B22 /* Pods-StopWatch.release.xcconfig */ = {isa = PBXFileReference; includeInIndex = 1; lastKnownFileType = text.xcconfig; name = "Pods-StopWatch.release.xcconfig"; path = "Target Support Files/Pods-StopWatch/Pods-StopWatch.release.xcconfig"; sourceTree = "<group>"; };
		52529DE510E0EDD9C4A4588A /* Pods-StopWatch-StopWatchUITests.debug.xcconfig */ = {isa = PBXFileReference; includeInIndex = 1; lastKnownFileType = text.xcconfig; name = "Pods-StopWatch-StopWatchUITests.debug.xcconfig"; path = "Target Support Files/Pods-StopWatch-StopWatchUITests/Pods-StopWatch-StopWatchUITests.debug.xcconfig"; sourceTree = "<group>"; };
		53515116B454F9A1D184853D /* Pods-StopWatch.debug.xcconfig */ = {isa = PBXFileReference; includeInIndex = 1; lastKnownFileType = text.xcconfig; name = "Pods-StopWatch.debug.xcconfig"; path = "Target Support Files/Pods-StopWatch/Pods-StopWatch.debug.xcconfig"; sourceTree = "<group>"; };
		71E2ECC903373C8C708D3FE6 /* Pods-StopWatch-StopWatchUITests.release.xcconfig */ = {isa = PBXFileReference; includeInIndex = 1; lastKnownFileType = text.xcconfig; name = "Pods-StopWatch-StopWatchUITests.release.xcconfig"; path = "Target Support Files/Pods-StopWatch-StopWatchUITests/Pods-StopWatch-StopWatchUITests.release.xcconfig"; sourceTree = "<group>"; };
		C25A5D5D7284E51606C07C3C /* Pods_StopWatchTests.framework */ = {isa = PBXFileReference; explicitFileType = wrapper.framework; includeInIndex = 0; path = Pods_StopWatchTests.framework; sourceTree = BUILT_PRODUCTS_DIR; };
		CE32337C26E76FD5000B9537 /* StopWatch.app */ = {isa = PBXFileReference; explicitFileType = wrapper.application; includeInIndex = 0; path = StopWatch.app; sourceTree = BUILT_PRODUCTS_DIR; };
		CE32337F26E76FD5000B9537 /* AppDelegate.swift */ = {isa = PBXFileReference; lastKnownFileType = sourcecode.swift; path = AppDelegate.swift; sourceTree = "<group>"; };
		CE32338126E76FD5000B9537 /* SceneDelegate.swift */ = {isa = PBXFileReference; lastKnownFileType = sourcecode.swift; path = SceneDelegate.swift; sourceTree = "<group>"; };
		CE32338326E76FD5000B9537 /* ViewController.swift */ = {isa = PBXFileReference; lastKnownFileType = sourcecode.swift; path = ViewController.swift; sourceTree = "<group>"; };
		CE32338626E76FD5000B9537 /* Base */ = {isa = PBXFileReference; lastKnownFileType = file.storyboard; name = Base; path = Base.lproj/Main.storyboard; sourceTree = "<group>"; };
		CE32338826E76FD9000B9537 /* Assets.xcassets */ = {isa = PBXFileReference; lastKnownFileType = folder.assetcatalog; path = Assets.xcassets; sourceTree = "<group>"; };
		CE32338B26E76FD9000B9537 /* Base */ = {isa = PBXFileReference; lastKnownFileType = file.storyboard; name = Base; path = Base.lproj/LaunchScreen.storyboard; sourceTree = "<group>"; };
		CE32338D26E76FD9000B9537 /* Info.plist */ = {isa = PBXFileReference; lastKnownFileType = text.plist.xml; path = Info.plist; sourceTree = "<group>"; };
		CE32339226E76FDA000B9537 /* StopWatchTests.xctest */ = {isa = PBXFileReference; explicitFileType = wrapper.cfbundle; includeInIndex = 0; path = StopWatchTests.xctest; sourceTree = BUILT_PRODUCTS_DIR; };
		CE32339626E76FDA000B9537 /* StopWatchTests.swift */ = {isa = PBXFileReference; lastKnownFileType = sourcecode.swift; path = StopWatchTests.swift; sourceTree = "<group>"; };
		CE32339826E76FDA000B9537 /* Info.plist */ = {isa = PBXFileReference; lastKnownFileType = text.plist.xml; path = Info.plist; sourceTree = "<group>"; };
		CE32339D26E76FDA000B9537 /* StopWatchUITests.xctest */ = {isa = PBXFileReference; explicitFileType = wrapper.cfbundle; includeInIndex = 0; path = StopWatchUITests.xctest; sourceTree = BUILT_PRODUCTS_DIR; };
		CE3233A126E76FDA000B9537 /* StopWatchUITests.swift */ = {isa = PBXFileReference; lastKnownFileType = sourcecode.swift; path = StopWatchUITests.swift; sourceTree = "<group>"; };
		CE3233A326E76FDA000B9537 /* Info.plist */ = {isa = PBXFileReference; lastKnownFileType = text.plist.xml; path = Info.plist; sourceTree = "<group>"; };
		CEAAE02026EA6C360036F1D0 /* ViewController2.swift */ = {isa = PBXFileReference; lastKnownFileType = sourcecode.swift; path = ViewController2.swift; sourceTree = "<group>"; };
		E1E202EC76BDDA92527223B5 /* Pods-StopWatchTests.debug.xcconfig */ = {isa = PBXFileReference; includeInIndex = 1; lastKnownFileType = text.xcconfig; name = "Pods-StopWatchTests.debug.xcconfig"; path = "Target Support Files/Pods-StopWatchTests/Pods-StopWatchTests.debug.xcconfig"; sourceTree = "<group>"; };
		F11B86C3BDF7B4FD95BA7068 /* Pods_StopWatch.framework */ = {isa = PBXFileReference; explicitFileType = wrapper.framework; includeInIndex = 0; path = Pods_StopWatch.framework; sourceTree = BUILT_PRODUCTS_DIR; };
		FE01479F7CF64F471FAB2FC0 /* Pods-StopWatchTests.release.xcconfig */ = {isa = PBXFileReference; includeInIndex = 1; lastKnownFileType = text.xcconfig; name = "Pods-StopWatchTests.release.xcconfig"; path = "Target Support Files/Pods-StopWatchTests/Pods-StopWatchTests.release.xcconfig"; sourceTree = "<group>"; };
/* End PBXFileReference section */

/* Begin PBXFrameworksBuildPhase section */
		CE32337926E76FD5000B9537 /* Frameworks */ = {
			isa = PBXFrameworksBuildPhase;
			buildActionMask = 2147483647;
			files = (
				37824891DCF7B74950D28CF4 /* Pods_StopWatch.framework in Frameworks */,
			);
			runOnlyForDeploymentPostprocessing = 0;
		};
		CE32338F26E76FDA000B9537 /* Frameworks */ = {
			isa = PBXFrameworksBuildPhase;
			buildActionMask = 2147483647;
			files = (
				9F670731A8AAF667A2333213 /* Pods_StopWatchTests.framework in Frameworks */,
			);
			runOnlyForDeploymentPostprocessing = 0;
		};
		CE32339A26E76FDA000B9537 /* Frameworks */ = {
			isa = PBXFrameworksBuildPhase;
			buildActionMask = 2147483647;
			files = (
				603BE9B483847C80F56281C3 /* Pods_StopWatch_StopWatchUITests.framework in Frameworks */,
			);
			runOnlyForDeploymentPostprocessing = 0;
		};
/* End PBXFrameworksBuildPhase section */

/* Begin PBXGroup section */
		356910E93659E81A322E348C /* Frameworks */ = {
			isa = PBXGroup;
			children = (
				F11B86C3BDF7B4FD95BA7068 /* Pods_StopWatch.framework */,
				180273807683F105EC5B439A /* Pods_StopWatch_StopWatchUITests.framework */,
				C25A5D5D7284E51606C07C3C /* Pods_StopWatchTests.framework */,
			);
			name = Frameworks;
			sourceTree = "<group>";
		};
		CE32337326E76FD5000B9537 = {
			isa = PBXGroup;
			children = (
				CE32337E26E76FD5000B9537 /* StopWatch */,
				CE32339526E76FDA000B9537 /* StopWatchTests */,
				CE3233A026E76FDA000B9537 /* StopWatchUITests */,
				CE32337D26E76FD5000B9537 /* Products */,
				FDBAB198F4F4EACFB6CA19EF /* Pods */,
				356910E93659E81A322E348C /* Frameworks */,
			);
			sourceTree = "<group>";
		};
		CE32337D26E76FD5000B9537 /* Products */ = {
			isa = PBXGroup;
			children = (
				CE32337C26E76FD5000B9537 /* StopWatch.app */,
				CE32339226E76FDA000B9537 /* StopWatchTests.xctest */,
				CE32339D26E76FDA000B9537 /* StopWatchUITests.xctest */,
			);
			name = Products;
			sourceTree = "<group>";
		};
		CE32337E26E76FD5000B9537 /* StopWatch */ = {
			isa = PBXGroup;
			children = (
				CE32337F26E76FD5000B9537 /* AppDelegate.swift */,
				CE32338126E76FD5000B9537 /* SceneDelegate.swift */,
				CE32338326E76FD5000B9537 /* ViewController.swift */,
				CEAAE02026EA6C360036F1D0 /* ViewController2.swift */,
				CE32338526E76FD5000B9537 /* Main.storyboard */,
				CE32338826E76FD9000B9537 /* Assets.xcassets */,
				CE32338A26E76FD9000B9537 /* LaunchScreen.storyboard */,
				CE32338D26E76FD9000B9537 /* Info.plist */,
			);
			path = StopWatch;
			sourceTree = "<group>";
		};
		CE32339526E76FDA000B9537 /* StopWatchTests */ = {
			isa = PBXGroup;
			children = (
				CE32339626E76FDA000B9537 /* StopWatchTests.swift */,
				CE32339826E76FDA000B9537 /* Info.plist */,
			);
			path = StopWatchTests;
			sourceTree = "<group>";
		};
		CE3233A026E76FDA000B9537 /* StopWatchUITests */ = {
			isa = PBXGroup;
			children = (
				CE3233A126E76FDA000B9537 /* StopWatchUITests.swift */,
				CE3233A326E76FDA000B9537 /* Info.plist */,
			);
			path = StopWatchUITests;
			sourceTree = "<group>";
		};
		FDBAB198F4F4EACFB6CA19EF /* Pods */ = {
			isa = PBXGroup;
			children = (
				53515116B454F9A1D184853D /* Pods-StopWatch.debug.xcconfig */,
				2A422A52EF2DC4E53B4A1B22 /* Pods-StopWatch.release.xcconfig */,
				52529DE510E0EDD9C4A4588A /* Pods-StopWatch-StopWatchUITests.debug.xcconfig */,
				71E2ECC903373C8C708D3FE6 /* Pods-StopWatch-StopWatchUITests.release.xcconfig */,
				E1E202EC76BDDA92527223B5 /* Pods-StopWatchTests.debug.xcconfig */,
				FE01479F7CF64F471FAB2FC0 /* Pods-StopWatchTests.release.xcconfig */,
			);
			path = Pods;
			sourceTree = "<group>";
		};
/* End PBXGroup section */

/* Begin PBXNativeTarget section */
		CE32337B26E76FD5000B9537 /* StopWatch */ = {
			isa = PBXNativeTarget;
			buildConfigurationList = CE3233A626E76FDA000B9537 /* Build configuration list for PBXNativeTarget "StopWatch" */;
			buildPhases = (
				4083BEFA8F154D249391C284 /* [CP] Check Pods Manifest.lock */,
				CE32337826E76FD5000B9537 /* Sources */,
				CE32337926E76FD5000B9537 /* Frameworks */,
				CE32337A26E76FD5000B9537 /* Resources */,
				52BDBE42E35426C30C03744D /* [CP] Embed Pods Frameworks */,
			);
			buildRules = (
			);
			dependencies = (
			);
			name = StopWatch;
			productName = StopWatch;
			productReference = CE32337C26E76FD5000B9537 /* StopWatch.app */;
			productType = "com.apple.product-type.application";
		};
		CE32339126E76FDA000B9537 /* StopWatchTests */ = {
			isa = PBXNativeTarget;
			buildConfigurationList = CE3233A926E76FDA000B9537 /* Build configuration list for PBXNativeTarget "StopWatchTests" */;
			buildPhases = (
				A6CE9F97697512D3420D3CB2 /* [CP] Check Pods Manifest.lock */,
				CE32338E26E76FDA000B9537 /* Sources */,
				CE32338F26E76FDA000B9537 /* Frameworks */,
				CE32339026E76FDA000B9537 /* Resources */,
			);
			buildRules = (
			);
			dependencies = (
				CE32339426E76FDA000B9537 /* PBXTargetDependency */,
			);
			name = StopWatchTests;
			productName = StopWatchTests;
			productReference = CE32339226E76FDA000B9537 /* StopWatchTests.xctest */;
			productType = "com.apple.product-type.bundle.unit-test";
		};
		CE32339C26E76FDA000B9537 /* StopWatchUITests */ = {
			isa = PBXNativeTarget;
			buildConfigurationList = CE3233AC26E76FDA000B9537 /* Build configuration list for PBXNativeTarget "StopWatchUITests" */;
			buildPhases = (
				AED740F8F2B3244D26F84B7E /* [CP] Check Pods Manifest.lock */,
				CE32339926E76FDA000B9537 /* Sources */,
				CE32339A26E76FDA000B9537 /* Frameworks */,
				CE32339B26E76FDA000B9537 /* Resources */,
				F0986F52BB2744F833790DEA /* [CP] Embed Pods Frameworks */,
			);
			buildRules = (
			);
			dependencies = (
				CE32339F26E76FDA000B9537 /* PBXTargetDependency */,
			);
			name = StopWatchUITests;
			productName = StopWatchUITests;
			productReference = CE32339D26E76FDA000B9537 /* StopWatchUITests.xctest */;
			productType = "com.apple.product-type.bundle.ui-testing";
		};
/* End PBXNativeTarget section */

/* Begin PBXProject section */
		CE32337426E76FD5000B9537 /* Project object */ = {
			isa = PBXProject;
			attributes = {
				LastSwiftUpdateCheck = 1250;
				LastUpgradeCheck = 1250;
				TargetAttributes = {
					CE32337B26E76FD5000B9537 = {
						CreatedOnToolsVersion = 12.5;
					};
					CE32339126E76FDA000B9537 = {
						CreatedOnToolsVersion = 12.5;
						TestTargetID = CE32337B26E76FD5000B9537;
					};
					CE32339C26E76FDA000B9537 = {
						CreatedOnToolsVersion = 12.5;
						TestTargetID = CE32337B26E76FD5000B9537;
					};
				};
			};
			buildConfigurationList = CE32337726E76FD5000B9537 /* Build configuration list for PBXProject "StopWatch" */;
			compatibilityVersion = "Xcode 9.3";
			developmentRegion = en;
			hasScannedForEncodings = 0;
			knownRegions = (
				en,
				Base,
			);
			mainGroup = CE32337326E76FD5000B9537;
			productRefGroup = CE32337D26E76FD5000B9537 /* Products */;
			projectDirPath = "";
			projectRoot = "";
			targets = (
				CE32337B26E76FD5000B9537 /* StopWatch */,
				CE32339126E76FDA000B9537 /* StopWatchTests */,
				CE32339C26E76FDA000B9537 /* StopWatchUITests */,
			);
		};
/* End PBXProject section */

/* Begin PBXResourcesBuildPhase section */
		CE32337A26E76FD5000B9537 /* Resources */ = {
			isa = PBXResourcesBuildPhase;
			buildActionMask = 2147483647;
			files = (
				CE32338C26E76FD9000B9537 /* LaunchScreen.storyboard in Resources */,
				CE32338926E76FD9000B9537 /* Assets.xcassets in Resources */,
				CE32338726E76FD5000B9537 /* Main.storyboard in Resources */,
			);
			runOnlyForDeploymentPostprocessing = 0;
		};
		CE32339026E76FDA000B9537 /* Resources */ = {
			isa = PBXResourcesBuildPhase;
			buildActionMask = 2147483647;
			files = (
			);
			runOnlyForDeploymentPostprocessing = 0;
		};
		CE32339B26E76FDA000B9537 /* Resources */ = {
			isa = PBXResourcesBuildPhase;
			buildActionMask = 2147483647;
			files = (
			);
			runOnlyForDeploymentPostprocessing = 0;
		};
/* End PBXResourcesBuildPhase section */

/* Begin PBXShellScriptBuildPhase section */
		4083BEFA8F154D249391C284 /* [CP] Check Pods Manifest.lock */ = {
			isa = PBXShellScriptBuildPhase;
			buildActionMask = 2147483647;
			files = (
			);
			inputFileListPaths = (
			);
			inputPaths = (
				"${PODS_PODFILE_DIR_PATH}/Podfile.lock",
				"${PODS_ROOT}/Manifest.lock",
			);
			name = "[CP] Check Pods Manifest.lock";
			outputFileListPaths = (
			);
			outputPaths = (
				"$(DERIVED_FILE_DIR)/Pods-StopWatch-checkManifestLockResult.txt",
			);
			runOnlyForDeploymentPostprocessing = 0;
			shellPath = /bin/sh;
			shellScript = "diff \"${PODS_PODFILE_DIR_PATH}/Podfile.lock\" \"${PODS_ROOT}/Manifest.lock\" > /dev/null\nif [ $? != 0 ] ; then\n    # print error to STDERR\n    echo \"error: The sandbox is not in sync with the Podfile.lock. Run 'pod install' or update your CocoaPods installation.\" >&2\n    exit 1\nfi\n# This output is used by Xcode 'outputs' to avoid re-running this script phase.\necho \"SUCCESS\" > \"${SCRIPT_OUTPUT_FILE_0}\"\n";
			showEnvVarsInLog = 0;
		};
		52BDBE42E35426C30C03744D /* [CP] Embed Pods Frameworks */ = {
			isa = PBXShellScriptBuildPhase;
			buildActionMask = 2147483647;
			files = (
			);
			inputFileListPaths = (
				"${PODS_ROOT}/Target Support Files/Pods-StopWatch/Pods-StopWatch-frameworks-${CONFIGURATION}-input-files.xcfilelist",
			);
			name = "[CP] Embed Pods Frameworks";
			outputFileListPaths = (
				"${PODS_ROOT}/Target Support Files/Pods-StopWatch/Pods-StopWatch-frameworks-${CONFIGURATION}-output-files.xcfilelist",
			);
			runOnlyForDeploymentPostprocessing = 0;
			shellPath = /bin/sh;
			shellScript = "\"${PODS_ROOT}/Target Support Files/Pods-StopWatch/Pods-StopWatch-frameworks.sh\"\n";
			showEnvVarsInLog = 0;
		};
		A6CE9F97697512D3420D3CB2 /* [CP] Check Pods Manifest.lock */ = {
			isa = PBXShellScriptBuildPhase;
			buildActionMask = 2147483647;
			files = (
			);
			inputFileListPaths = (
			);
			inputPaths = (
				"${PODS_PODFILE_DIR_PATH}/Podfile.lock",
				"${PODS_ROOT}/Manifest.lock",
			);
			name = "[CP] Check Pods Manifest.lock";
			outputFileListPaths = (
			);
			outputPaths = (
				"$(DERIVED_FILE_DIR)/Pods-StopWatchTests-checkManifestLockResult.txt",
			);
			runOnlyForDeploymentPostprocessing = 0;
			shellPath = /bin/sh;
			shellScript = "diff \"${PODS_PODFILE_DIR_PATH}/Podfile.lock\" \"${PODS_ROOT}/Manifest.lock\" > /dev/null\nif [ $? != 0 ] ; then\n    # print error to STDERR\n    echo \"error: The sandbox is not in sync with the Podfile.lock. Run 'pod install' or update your CocoaPods installation.\" >&2\n    exit 1\nfi\n# This output is used by Xcode 'outputs' to avoid re-running this script phase.\necho \"SUCCESS\" > \"${SCRIPT_OUTPUT_FILE_0}\"\n";
			showEnvVarsInLog = 0;
		};
		AED740F8F2B3244D26F84B7E /* [CP] Check Pods Manifest.lock */ = {
			isa = PBXShellScriptBuildPhase;
			buildActionMask = 2147483647;
			files = (
			);
			inputFileListPaths = (
			);
			inputPaths = (
				"${PODS_PODFILE_DIR_PATH}/Podfile.lock",
				"${PODS_ROOT}/Manifest.lock",
			);
			name = "[CP] Check Pods Manifest.lock";
			outputFileListPaths = (
			);
			outputPaths = (
				"$(DERIVED_FILE_DIR)/Pods-StopWatch-StopWatchUITests-checkManifestLockResult.txt",
			);
			runOnlyForDeploymentPostprocessing = 0;
			shellPath = /bin/sh;
			shellScript = "diff \"${PODS_PODFILE_DIR_PATH}/Podfile.lock\" \"${PODS_ROOT}/Manifest.lock\" > /dev/null\nif [ $? != 0 ] ; then\n    # print error to STDERR\n    echo \"error: The sandbox is not in sync with the Podfile.lock. Run 'pod install' or update your CocoaPods installation.\" >&2\n    exit 1\nfi\n# This output is used by Xcode 'outputs' to avoid re-running this script phase.\necho \"SUCCESS\" > \"${SCRIPT_OUTPUT_FILE_0}\"\n";
			showEnvVarsInLog = 0;
		};
		F0986F52BB2744F833790DEA /* [CP] Embed Pods Frameworks */ = {
			isa = PBXShellScriptBuildPhase;
			buildActionMask = 2147483647;
			files = (
			);
			inputFileListPaths = (
				"${PODS_ROOT}/Target Support Files/Pods-StopWatch-StopWatchUITests/Pods-StopWatch-StopWatchUITests-frameworks-${CONFIGURATION}-input-files.xcfilelist",
			);
			name = "[CP] Embed Pods Frameworks";
			outputFileListPaths = (
				"${PODS_ROOT}/Target Support Files/Pods-StopWatch-StopWatchUITests/Pods-StopWatch-StopWatchUITests-frameworks-${CONFIGURATION}-output-files.xcfilelist",
			);
			runOnlyForDeploymentPostprocessing = 0;
			shellPath = /bin/sh;
			shellScript = "\"${PODS_ROOT}/Target Support Files/Pods-StopWatch-StopWatchUITests/Pods-StopWatch-StopWatchUITests-frameworks.sh\"\n";
			showEnvVarsInLog = 0;
		};
/* End PBXShellScriptBuildPhase section */

/* Begin PBXSourcesBuildPhase section */
		CE32337826E76FD5000B9537 /* Sources */ = {
			isa = PBXSourcesBuildPhase;
			buildActionMask = 2147483647;
			files = (
				CE32338426E76FD5000B9537 /* ViewController.swift in Sources */,
				CEAAE02126EA6C360036F1D0 /* ViewController2.swift in Sources */,
				CE32338026E76FD5000B9537 /* AppDelegate.swift in Sources */,
				CE32338226E76FD5000B9537 /* SceneDelegate.swift in Sources */,
			);
			runOnlyForDeploymentPostprocessing = 0;
		};
		CE32338E26E76FDA000B9537 /* Sources */ = {
			isa = PBXSourcesBuildPhase;
			buildActionMask = 2147483647;
			files = (
				CE32339726E76FDA000B9537 /* StopWatchTests.swift in Sources */,
			);
			runOnlyForDeploymentPostprocessing = 0;
		};
		CE32339926E76FDA000B9537 /* Sources */ = {
			isa = PBXSourcesBuildPhase;
			buildActionMask = 2147483647;
			files = (
				CE3233A226E76FDA000B9537 /* StopWatchUITests.swift in Sources */,
			);
			runOnlyForDeploymentPostprocessing = 0;
		};
/* End PBXSourcesBuildPhase section */

/* Begin PBXTargetDependency section */
		CE32339426E76FDA000B9537 /* PBXTargetDependency */ = {
			isa = PBXTargetDependency;
			target = CE32337B26E76FD5000B9537 /* StopWatch */;
			targetProxy = CE32339326E76FDA000B9537 /* PBXContainerItemProxy */;
		};
		CE32339F26E76FDA000B9537 /* PBXTargetDependency */ = {
			isa = PBXTargetDependency;
			target = CE32337B26E76FD5000B9537 /* StopWatch */;
			targetProxy = CE32339E26E76FDA000B9537 /* PBXContainerItemProxy */;
		};
/* End PBXTargetDependency section */

/* Begin PBXVariantGroup section */
		CE32338526E76FD5000B9537 /* Main.storyboard */ = {
			isa = PBXVariantGroup;
			children = (
				CE32338626E76FD5000B9537 /* Base */,
			);
			name = Main.storyboard;
			sourceTree = "<group>";
		};
		CE32338A26E76FD9000B9537 /* LaunchScreen.storyboard */ = {
			isa = PBXVariantGroup;
			children = (
				CE32338B26E76FD9000B9537 /* Base */,
			);
			name = LaunchScreen.storyboard;
			sourceTree = "<group>";
		};
/* End PBXVariantGroup section */

/* Begin XCBuildConfiguration section */
		CE3233A426E76FDA000B9537 /* Debug */ = {
			isa = XCBuildConfiguration;
			buildSettings = {
				ALWAYS_SEARCH_USER_PATHS = NO;
				CLANG_ANALYZER_NONNULL = YES;
				CLANG_ANALYZER_NUMBER_OBJECT_CONVERSION = YES_AGGRESSIVE;
				CLANG_CXX_LANGUAGE_STANDARD = "gnu++14";
				CLANG_CXX_LIBRARY = "libc++";
				CLANG_ENABLE_MODULES = YES;
				CLANG_ENABLE_OBJC_ARC = YES;
				CLANG_ENABLE_OBJC_WEAK = YES;
				CLANG_WARN_BLOCK_CAPTURE_AUTORELEASING = YES;
				CLANG_WARN_BOOL_CONVERSION = YES;
				CLANG_WARN_COMMA = YES;
				CLANG_WARN_CONSTANT_CONVERSION = YES;
				CLANG_WARN_DEPRECATED_OBJC_IMPLEMENTATIONS = YES;
				CLANG_WARN_DIRECT_OBJC_ISA_USAGE = YES_ERROR;
				CLANG_WARN_DOCUMENTATION_COMMENTS = YES;
				CLANG_WARN_EMPTY_BODY = YES;
				CLANG_WARN_ENUM_CONVERSION = YES;
				CLANG_WARN_INFINITE_RECURSION = YES;
				CLANG_WARN_INT_CONVERSION = YES;
				CLANG_WARN_NON_LITERAL_NULL_CONVERSION = YES;
				CLANG_WARN_OBJC_IMPLICIT_RETAIN_SELF = YES;
				CLANG_WARN_OBJC_LITERAL_CONVERSION = YES;
				CLANG_WARN_OBJC_ROOT_CLASS = YES_ERROR;
				CLANG_WARN_QUOTED_INCLUDE_IN_FRAMEWORK_HEADER = YES;
				CLANG_WARN_RANGE_LOOP_ANALYSIS = YES;
				CLANG_WARN_STRICT_PROTOTYPES = YES;
				CLANG_WARN_SUSPICIOUS_MOVE = YES;
				CLANG_WARN_UNGUARDED_AVAILABILITY = YES_AGGRESSIVE;
				CLANG_WARN_UNREACHABLE_CODE = YES;
				CLANG_WARN__DUPLICATE_METHOD_MATCH = YES;
				COPY_PHASE_STRIP = NO;
				DEBUG_INFORMATION_FORMAT = dwarf;
				ENABLE_STRICT_OBJC_MSGSEND = YES;
				ENABLE_TESTABILITY = YES;
				GCC_C_LANGUAGE_STANDARD = gnu11;
				GCC_DYNAMIC_NO_PIC = NO;
				GCC_NO_COMMON_BLOCKS = YES;
				GCC_OPTIMIZATION_LEVEL = 0;
				GCC_PREPROCESSOR_DEFINITIONS = (
					"DEBUG=1",
					"$(inherited)",
				);
				GCC_WARN_64_TO_32_BIT_CONVERSION = YES;
				GCC_WARN_ABOUT_RETURN_TYPE = YES_ERROR;
				GCC_WARN_UNDECLARED_SELECTOR = YES;
				GCC_WARN_UNINITIALIZED_AUTOS = YES_AGGRESSIVE;
				GCC_WARN_UNUSED_FUNCTION = YES;
				GCC_WARN_UNUSED_VARIABLE = YES;
				IPHONEOS_DEPLOYMENT_TARGET = 14.5;
				MTL_ENABLE_DEBUG_INFO = INCLUDE_SOURCE;
				MTL_FAST_MATH = YES;
				ONLY_ACTIVE_ARCH = YES;
				SDKROOT = iphoneos;
				SWIFT_ACTIVE_COMPILATION_CONDITIONS = DEBUG;
				SWIFT_OPTIMIZATION_LEVEL = "-Onone";
			};
			name = Debug;
		};
		CE3233A526E76FDA000B9537 /* Release */ = {
			isa = XCBuildConfiguration;
			buildSettings = {
				ALWAYS_SEARCH_USER_PATHS = NO;
				CLANG_ANALYZER_NONNULL = YES;
				CLANG_ANALYZER_NUMBER_OBJECT_CONVERSION = YES_AGGRESSIVE;
				CLANG_CXX_LANGUAGE_STANDARD = "gnu++14";
				CLANG_CXX_LIBRARY = "libc++";
				CLANG_ENABLE_MODULES = YES;
				CLANG_ENABLE_OBJC_ARC = YES;
				CLANG_ENABLE_OBJC_WEAK = YES;
				CLANG_WARN_BLOCK_CAPTURE_AUTORELEASING = YES;
				CLANG_WARN_BOOL_CONVERSION = YES;
				CLANG_WARN_COMMA = YES;
				CLANG_WARN_CONSTANT_CONVERSION = YES;
				CLANG_WARN_DEPRECATED_OBJC_IMPLEMENTATIONS = YES;
				CLANG_WARN_DIRECT_OBJC_ISA_USAGE = YES_ERROR;
				CLANG_WARN_DOCUMENTATION_COMMENTS = YES;
				CLANG_WARN_EMPTY_BODY = YES;
				CLANG_WARN_ENUM_CONVERSION = YES;
				CLANG_WARN_INFINITE_RECURSION = YES;
				CLANG_WARN_INT_CONVERSION = YES;
				CLANG_WARN_NON_LITERAL_NULL_CONVERSION = YES;
				CLANG_WARN_OBJC_IMPLICIT_RETAIN_SELF = YES;
				CLANG_WARN_OBJC_LITERAL_CONVERSION = YES;
				CLANG_WARN_OBJC_ROOT_CLASS = YES_ERROR;
				CLANG_WARN_QUOTED_INCLUDE_IN_FRAMEWORK_HEADER = YES;
				CLANG_WARN_RANGE_LOOP_ANALYSIS = YES;
				CLANG_WARN_STRICT_PROTOTYPES = YES;
				CLANG_WARN_SUSPICIOUS_MOVE = YES;
				CLANG_WARN_UNGUARDED_AVAILABILITY = YES_AGGRESSIVE;
				CLANG_WARN_UNREACHABLE_CODE = YES;
				CLANG_WARN__DUPLICATE_METHOD_MATCH = YES;
				COPY_PHASE_STRIP = NO;
				DEBUG_INFORMATION_FORMAT = "dwarf-with-dsym";
				ENABLE_NS_ASSERTIONS = NO;
				ENABLE_STRICT_OBJC_MSGSEND = YES;
				GCC_C_LANGUAGE_STANDARD = gnu11;
				GCC_NO_COMMON_BLOCKS = YES;
				GCC_WARN_64_TO_32_BIT_CONVERSION = YES;
				GCC_WARN_ABOUT_RETURN_TYPE = YES_ERROR;
				GCC_WARN_UNDECLARED_SELECTOR = YES;
				GCC_WARN_UNINITIALIZED_AUTOS = YES_AGGRESSIVE;
				GCC_WARN_UNUSED_FUNCTION = YES;
				GCC_WARN_UNUSED_VARIABLE = YES;
				IPHONEOS_DEPLOYMENT_TARGET = 14.5;
				MTL_ENABLE_DEBUG_INFO = NO;
				MTL_FAST_MATH = YES;
				SDKROOT = iphoneos;
				SWIFT_COMPILATION_MODE = wholemodule;
				SWIFT_OPTIMIZATION_LEVEL = "-O";
				VALIDATE_PRODUCT = YES;
			};
			name = Release;
		};
		CE3233A726E76FDA000B9537 /* Debug */ = {
			isa = XCBuildConfiguration;
			baseConfigurationReference = 53515116B454F9A1D184853D /* Pods-StopWatch.debug.xcconfig */;
			buildSettings = {
				ASSETCATALOG_COMPILER_APPICON_NAME = AppIcon;
				ASSETCATALOG_COMPILER_GLOBAL_ACCENT_COLOR_NAME = AccentColor;
				CODE_SIGN_STYLE = Automatic;
				INFOPLIST_FILE = StopWatch/Info.plist;
				LD_RUNPATH_SEARCH_PATHS = (
					"$(inherited)",
					"@executable_path/Frameworks",
				);
				PRODUCT_BUNDLE_IDENTIFIER = zalkar.StopWatch;
				PRODUCT_NAME = "$(TARGET_NAME)";
				SWIFT_VERSION = 5.0;
				TARGETED_DEVICE_FAMILY = "1,2";
			};
			name = Debug;
		};
		CE3233A826E76FDA000B9537 /* Release */ = {
			isa = XCBuildConfiguration;
			baseConfigurationReference = 2A422A52EF2DC4E53B4A1B22 /* Pods-StopWatch.release.xcconfig */;
			buildSettings = {
				ASSETCATALOG_COMPILER_APPICON_NAME = AppIcon;
				ASSETCATALOG_COMPILER_GLOBAL_ACCENT_COLOR_NAME = AccentColor;
				CODE_SIGN_STYLE = Automatic;
				INFOPLIST_FILE = StopWatch/Info.plist;
				LD_RUNPATH_SEARCH_PATHS = (
					"$(inherited)",
					"@executable_path/Frameworks",
				);
				PRODUCT_BUNDLE_IDENTIFIER = zalkar.StopWatch;
				PRODUCT_NAME = "$(TARGET_NAME)";
				SWIFT_VERSION = 5.0;
				TARGETED_DEVICE_FAMILY = "1,2";
			};
			name = Release;
		};
		CE3233AA26E76FDA000B9537 /* Debug */ = {
			isa = XCBuildConfiguration;
			baseConfigurationReference = E1E202EC76BDDA92527223B5 /* Pods-StopWatchTests.debug.xcconfig */;
			buildSettings = {
				ALWAYS_EMBED_SWIFT_STANDARD_LIBRARIES = YES;
				BUNDLE_LOADER = "$(TEST_HOST)";
				CODE_SIGN_STYLE = Automatic;
				INFOPLIST_FILE = StopWatchTests/Info.plist;
				IPHONEOS_DEPLOYMENT_TARGET = 14.5;
				LD_RUNPATH_SEARCH_PATHS = (
					"$(inherited)",
					"@executable_path/Frameworks",
					"@loader_path/Frameworks",
				);
				PRODUCT_BUNDLE_IDENTIFIER = zalkar.StopWatchTests;
				PRODUCT_NAME = "$(TARGET_NAME)";
				SWIFT_VERSION = 5.0;
				TARGETED_DEVICE_FAMILY = "1,2";
				TEST_HOST = "$(BUILT_PRODUCTS_DIR)/StopWatch.app/StopWatch";
			};
			name = Debug;
		};
		CE3233AB26E76FDA000B9537 /* Release */ = {
			isa = XCBuildConfiguration;
			baseConfigurationReference = FE01479F7CF64F471FAB2FC0 /* Pods-StopWatchTests.release.xcconfig */;
			buildSettings = {
				ALWAYS_EMBED_SWIFT_STANDARD_LIBRARIES = YES;
				BUNDLE_LOADER = "$(TEST_HOST)";
				CODE_SIGN_STYLE = Automatic;
				INFOPLIST_FILE = StopWatchTests/Info.plist;
				IPHONEOS_DEPLOYMENT_TARGET = 14.5;
				LD_RUNPATH_SEARCH_PATHS = (
					"$(inherited)",
					"@executable_path/Frameworks",
					"@loader_path/Frameworks",
				);
				PRODUCT_BUNDLE_IDENTIFIER = zalkar.StopWatchTests;
				PRODUCT_NAME = "$(TARGET_NAME)";
				SWIFT_VERSION = 5.0;
				TARGETED_DEVICE_FAMILY = "1,2";
				TEST_HOST = "$(BUILT_PRODUCTS_DIR)/StopWatch.app/StopWatch";
			};
			name = Release;
		};
		CE3233AD26E76FDA000B9537 /* Debug */ = {
			isa = XCBuildConfiguration;
			baseConfigurationReference = 52529DE510E0EDD9C4A4588A /* Pods-StopWatch-StopWatchUITests.debug.xcconfig */;
			buildSettings = {
				ALWAYS_EMBED_SWIFT_STANDARD_LIBRARIES = YES;
				CODE_SIGN_STYLE = Automatic;
				INFOPLIST_FILE = StopWatchUITests/Info.plist;
				LD_RUNPATH_SEARCH_PATHS = (
					"$(inherited)",
					"@executable_path/Frameworks",
					"@loader_path/Frameworks",
				);
				PRODUCT_BUNDLE_IDENTIFIER = zalkar.StopWatchUITests;
				PRODUCT_NAME = "$(TARGET_NAME)";
				SWIFT_VERSION = 5.0;
				TARGETED_DEVICE_FAMILY = "1,2";
				TEST_TARGET_NAME = StopWatch;
			};
			name = Debug;
		};
		CE3233AE26E76FDA000B9537 /* Release */ = {
			isa = XCBuildConfiguration;
			baseConfigurationReference = 71E2ECC903373C8C708D3FE6 /* Pods-StopWatch-StopWatchUITests.release.xcconfig */;
			buildSettings = {
				ALWAYS_EMBED_SWIFT_STANDARD_LIBRARIES = YES;
				CODE_SIGN_STYLE = Automatic;
				INFOPLIST_FILE = StopWatchUITests/Info.plist;
				LD_RUNPATH_SEARCH_PATHS = (
					"$(inherited)",
					"@executable_path/Frameworks",
					"@loader_path/Frameworks",
				);
				PRODUCT_BUNDLE_IDENTIFIER = zalkar.StopWatchUITests;
				PRODUCT_NAME = "$(TARGET_NAME)";
				SWIFT_VERSION = 5.0;
				TARGETED_DEVICE_FAMILY = "1,2";
				TEST_TARGET_NAME = StopWatch;
			};
			name = Release;
		};
/* End XCBuildConfiguration section */

/* Begin XCConfigurationList section */
		CE32337726E76FD5000B9537 /* Build configuration list for PBXProject "StopWatch" */ = {
			isa = XCConfigurationList;
			buildConfigurations = (
				CE3233A426E76FDA000B9537 /* Debug */,
				CE3233A526E76FDA000B9537 /* Release */,
			);
			defaultConfigurationIsVisible = 0;
			defaultConfigurationName = Release;
		};
		CE3233A626E76FDA000B9537 /* Build configuration list for PBXNativeTarget "StopWatch" */ = {
			isa = XCConfigurationList;
			buildConfigurations = (
				CE3233A726E76FDA000B9537 /* Debug */,
				CE3233A826E76FDA000B9537 /* Release */,
			);
			defaultConfigurationIsVisible = 0;
			defaultConfigurationName = Release;
		};
		CE3233A926E76FDA000B9537 /* Build configuration list for PBXNativeTarget "StopWatchTests" */ = {
			isa = XCConfigurationList;
			buildConfigurations = (
				CE3233AA26E76FDA000B9537 /* Debug */,
				CE3233AB26E76FDA000B9537 /* Release */,
			);
			defaultConfigurationIsVisible = 0;
			defaultConfigurationName = Release;
		};
		CE3233AC26E76FDA000B9537 /* Build configuration list for PBXNativeTarget "StopWatchUITests" */ = {
			isa = XCConfigurationList;
			buildConfigurations = (
				CE3233AD26E76FDA000B9537 /* Debug */,
				CE3233AE26E76FDA000B9537 /* Release */,
			);
			defaultConfigurationIsVisible = 0;
			defaultConfigurationName = Release;
		};
/* End XCConfigurationList section */
	};
	rootObject = CE32337426E76FD5000B9537 /* Project object */;
}
